
Microsoft Visual Studio Solution File, Format Version 12.00
# Visual Studio Version 16
VisualStudioVersion = 16.0.29409.12
MinimumVisualStudioVersion = 10.0.40219.1
Project("{FAE04EC0-301F-11D3-BF4B-00C04F79EFBC}") = "445Lab2", "445Lab2\445Lab2.csproj", "{C59E4EC5-BDFD-4D60-B9D0-2A4F2A60235B}"
EndProject
Global
	GlobalSection(SolutionConfigurationPlatforms) = preSolution
		Debug|Any CPU = Debug|Any CPU
		Release|Any CPU = Release|Any CPU
	EndGlobalSection
	GlobalSection(ProjectConfigurationPlatforms) = postSolution
		{C59E4EC5-BDFD-4D60-B9D0-2A4F2A60235B}.Debug|Any CPU.ActiveCfg = Debug|Any CPU
		{C59E4EC5-BDFD-4D60-B9D0-2A4F2A60235B}.Debug|Any CPU.Build.0 = Debug|Any CPU
		{C59E4EC5-BDFD-4D60-B9D0-2A4F2A60235B}.Release|Any CPU.ActiveCfg = Release|Any CPU
		{C59E4EC5-BDFD-4D60-B9D0-2A4F2A60235B}.Release|Any CPU.Build.0 = Release|Any CPU
	EndGlobalSection
	GlobalSection(SolutionProperties) = preSolution
		HideSolutionNode = FALSE
	EndGlobalSection
	GlobalSection(ExtensibilityGlobals) = postSolution
		SolutionGuid = {21246763-5414-4F4F-86AE-4F025A162227}
	EndGlobalSection
EndGlobal
